
Microsoft Visual Studio Solution File, Format Version 12.00
# Visual Studio Version 17
VisualStudioVersion = 17.0.31903.59
MinimumVisualStudioVersion = 10.0.40219.1
Project("{FAE04EC0-301F-11D3-BF4B-00C04F79EFBC}") = "lumires.AppHost", "lumires.AppHost\lumires.AppHost.csproj", "{FE138E57-52CE-4233-B97A-7709AA5BD791}"
EndProject
Project("{FAE04EC0-301F-11D3-BF4B-00C04F79EFBC}") = "lumires.ServiceDefaults", "lumires.ServiceDefaults\lumires.ServiceDefaults.csproj", "{74FB1812-41E5-406D-B1BD-B8A17462B44A}"
EndProject
Project("{FAE04EC0-301F-11D3-BF4B-00C04F79EFBC}") = "lumires.Api", "lumires.Api\lumires.Api.csproj", "{825F1650-C674-409F-A826-92413BC3A326}"
EndProject
Global
	GlobalSection(SolutionConfigurationPlatforms) = preSolution
		Debug|Any CPU = Debug|Any CPU
		Debug|x64 = Debug|x64
		Debug|x86 = Debug|x86
		Release|Any CPU = Release|Any CPU
		Release|x64 = Release|x64
		Release|x86 = Release|x86
	EndGlobalSection
	GlobalSection(ProjectConfigurationPlatforms) = postSolution
		{FE138E57-52CE-4233-B97A-7709AA5BD791}.Debug|Any CPU.ActiveCfg = Debug|Any CPU
		{FE138E57-52CE-4233-B97A-7709AA5BD791}.Debug|Any CPU.Build.0 = Debug|Any CPU
		{FE138E57-52CE-4233-B97A-7709AA5BD791}.Debug|x64.ActiveCfg = Debug|Any CPU
		{FE138E57-52CE-4233-B97A-7709AA5BD791}.Debug|x64.Build.0 = Debug|Any CPU
		{FE138E57-52CE-4233-B97A-7709AA5BD791}.Debug|x86.ActiveCfg = Debug|Any CPU
		{FE138E57-52CE-4233-B97A-7709AA5BD791}.Debug|x86.Build.0 = Debug|Any CPU
		{FE138E57-52CE-4233-B97A-7709AA5BD791}.Release|Any CPU.ActiveCfg = Release|Any CPU
		{FE138E57-52CE-4233-B97A-7709AA5BD791}.Release|Any CPU.Build.0 = Release|Any CPU
		{FE138E57-52CE-4233-B97A-7709AA5BD791}.Release|x64.ActiveCfg = Release|Any CPU
		{FE138E57-52CE-4233-B97A-7709AA5BD791}.Release|x64.Build.0 = Release|Any CPU
		{FE138E57-52CE-4233-B97A-7709AA5BD791}.Release|x86.ActiveCfg = Release|Any CPU
		{FE138E57-52CE-4233-B97A-7709AA5BD791}.Release|x86.Build.0 = Release|Any CPU
		{74FB1812-41E5-406D-B1BD-B8A17462B44A}.Debug|Any CPU.ActiveCfg = Debug|Any CPU
		{74FB1812-41E5-406D-B1BD-B8A17462B44A}.Debug|Any CPU.Build.0 = Debug|Any CPU
		{74FB1812-41E5-406D-B1BD-B8A17462B44A}.Debug|x64.ActiveCfg = Debug|Any CPU
		{74FB1812-41E5-406D-B1BD-B8A17462B44A}.Debug|x64.Build.0 = Debug|Any CPU
		{74FB1812-41E5-406D-B1BD-B8A17462B44A}.Debug|x86.ActiveCfg = Debug|Any CPU
		{74FB1812-41E5-406D-B1BD-B8A17462B44A}.Debug|x86.Build.0 = Debug|Any CPU
		{74FB1812-41E5-406D-B1BD-B8A17462B44A}.Release|Any CPU.ActiveCfg = Release|Any CPU
		{74FB1812-41E5-406D-B1BD-B8A17462B44A}.Release|Any CPU.Build.0 = Release|Any CPU
		{74FB1812-41E5-406D-B1BD-B8A17462B44A}.Release|x64.ActiveCfg = Release|Any CPU
		{74FB1812-41E5-406D-B1BD-B8A17462B44A}.Release|x64.Build.0 = Release|Any CPU
		{74FB1812-41E5-406D-B1BD-B8A17462B44A}.Release|x86.ActiveCfg = Release|Any CPU
		{74FB1812-41E5-406D-B1BD-B8A17462B44A}.Release|x86.Build.0 = Release|Any CPU
		{825F1650-C674-409F-A826-92413BC3A326}.Debug|Any CPU.ActiveCfg = Debug|Any CPU
		{825F1650-C674-409F-A826-92413BC3A326}.Debug|Any CPU.Build.0 = Debug|Any CPU
		{825F1650-C674-409F-A826-92413BC3A326}.Debug|x64.ActiveCfg = Debug|Any CPU
		{825F1650-C674-409F-A826-92413BC3A326}.Debug|x64.Build.0 = Debug|Any CPU
		{825F1650-C674-409F-A826-92413BC3A326}.Debug|x86.ActiveCfg = Debug|Any CPU
		{825F1650-C674-409F-A826-92413BC3A326}.Debug|x86.Build.0 = Debug|Any CPU
		{825F1650-C674-409F-A826-92413BC3A326}.Release|Any CPU.ActiveCfg = Release|Any CPU
		{825F1650-C674-409F-A826-92413BC3A326}.Release|Any CPU.Build.0 = Release|Any CPU
		{825F1650-C674-409F-A826-92413BC3A326}.Release|x64.ActiveCfg = Release|Any CPU
		{825F1650-C674-409F-A826-92413BC3A326}.Release|x64.Build.0 = Release|Any CPU
		{825F1650-C674-409F-A826-92413BC3A326}.Release|x86.ActiveCfg = Release|Any CPU
		{825F1650-C674-409F-A826-92413BC3A326}.Release|x86.Build.0 = Release|Any CPU
	EndGlobalSection
	GlobalSection(SolutionProperties) = preSolution
		HideSolutionNode = FALSE
	EndGlobalSection
EndGlobal
